
Microsoft Visual Studio Solution File, Format Version 12.00
# Visual Studio 15
VisualStudioVersion = 15.0.28010.2019
MinimumVisualStudioVersion = 10.0.40219.1
Project("{FAE04EC0-301F-11D3-BF4B-00C04F79EFBC}") = "MyVeryFirstCarSite", "MyVeryFirstCarSite\MyVeryFirstCarSite.csproj", "{BD6B032F-AAFB-4A23-B88A-AEE1FB9F894B}"
EndProject
Project("{FAE04EC0-301F-11D3-BF4B-00C04F79EFBC}") = "MyVeryFirstCarSiteTest", "MyVeryFirstCarSiteTest\MyVeryFirstCarSiteTest.csproj", "{6221D084-F501-45CD-A3E0-2E0AD4CB5F60}"
EndProject
Global
	GlobalSection(SolutionConfigurationPlatforms) = preSolution
		Debug|Any CPU = Debug|Any CPU
		Release|Any CPU = Release|Any CPU
	EndGlobalSection
	GlobalSection(ProjectConfigurationPlatforms) = postSolution
		{BD6B032F-AAFB-4A23-B88A-AEE1FB9F894B}.Debug|Any CPU.ActiveCfg = Debug|Any CPU
		{BD6B032F-AAFB-4A23-B88A-AEE1FB9F894B}.Debug|Any CPU.Build.0 = Debug|Any CPU
		{BD6B032F-AAFB-4A23-B88A-AEE1FB9F894B}.Release|Any CPU.ActiveCfg = Release|Any CPU
		{BD6B032F-AAFB-4A23-B88A-AEE1FB9F894B}.Release|Any CPU.Build.0 = Release|Any CPU
		{6221D084-F501-45CD-A3E0-2E0AD4CB5F60}.Debug|Any CPU.ActiveCfg = Debug|Any CPU
		{6221D084-F501-45CD-A3E0-2E0AD4CB5F60}.Debug|Any CPU.Build.0 = Debug|Any CPU
		{6221D084-F501-45CD-A3E0-2E0AD4CB5F60}.Release|Any CPU.ActiveCfg = Release|Any CPU
		{6221D084-F501-45CD-A3E0-2E0AD4CB5F60}.Release|Any CPU.Build.0 = Release|Any CPU
	EndGlobalSection
	GlobalSection(SolutionProperties) = preSolution
		HideSolutionNode = FALSE
	EndGlobalSection
	GlobalSection(ExtensibilityGlobals) = postSolution
		SolutionGuid = {DB4E9CE0-0216-46D7-A87F-D18210A3D4F1}
	EndGlobalSection
EndGlobal
